
Microsoft Visual Studio Solution File, Format Version 12.00
# Visual Studio Version 16
VisualStudioVersion = 16.0.32002.261
MinimumVisualStudioVersion = 10.0.40219.1
Project("{FAE04EC0-301F-11D3-BF4B-00C04F79EFBC}") = "E-okulll not sist proj", "E-okulll not sist proj\E-okulll not sist proj.csproj", "{02F51BB9-E803-482B-AF39-58D451A535A9}"
EndProject
Global
	GlobalSection(SolutionConfigurationPlatforms) = preSolution
		Debug|Any CPU = Debug|Any CPU
		Release|Any CPU = Release|Any CPU
	EndGlobalSection
	GlobalSection(ProjectConfigurationPlatforms) = postSolution
		{02F51BB9-E803-482B-AF39-58D451A535A9}.Debug|Any CPU.ActiveCfg = Debug|Any CPU
		{02F51BB9-E803-482B-AF39-58D451A535A9}.Debug|Any CPU.Build.0 = Debug|Any CPU
		{02F51BB9-E803-482B-AF39-58D451A535A9}.Release|Any CPU.ActiveCfg = Release|Any CPU
		{02F51BB9-E803-482B-AF39-58D451A535A9}.Release|Any CPU.Build.0 = Release|Any CPU
	EndGlobalSection
	GlobalSection(SolutionProperties) = preSolution
		HideSolutionNode = FALSE
	EndGlobalSection
	GlobalSection(ExtensibilityGlobals) = postSolution
		SolutionGuid = {8431BA9E-DC96-43FE-98CD-0E7762303D90}
	EndGlobalSection
EndGlobal
